
Microsoft Visual Studio Solution File, Format Version 12.00
# Visual Studio Version 16
VisualStudioVersion = 16.0.31729.503
MinimumVisualStudioVersion = 10.0.40219.1
Project("{2150E333-8FDC-42A3-9474-1A3956D46DE8}") = "Module2", "Module2", "{2B28A14C-B11B-4742-B851-971125E03377}"
EndProject
Project("{FAE04EC0-301F-11D3-BF4B-00C04F79EFBC}") = "Module2", "Module2\Module2.csproj", "{78C55565-93CE-467A-AE5A-ECE77DADB5B6}"
EndProject
Project("{9A19103F-16F7-4668-BE54-9A1E7A4F7556}") = "Module2.NUnitTests", "Module2.NUnitTest\Module2.NUnitTests.csproj", "{117840EA-919D-418F-8543-144043ED46B9}"
EndProject
Project("{FAE04EC0-301F-11D3-BF4B-00C04F79EFBC}") = "Module2.MSTests", "Module2.MSTests\Module2.MSTests.csproj", "{A7BB6D02-0CFA-4975-B605-1C342533E838}"
EndProject
Project("{9A19103F-16F7-4668-BE54-9A1E7A4F7556}") = "ConsoleApp", "ConsoleApp\ConsoleApp.csproj", "{071A673B-AADA-43E9-AB46-23FC4889B739}"
EndProject
Project("{2150E333-8FDC-42A3-9474-1A3956D46DE8}") = "Module3", "Module3", "{7A023375-9CB1-4CB7-A73A-B26F6631B415}"
EndProject
Project("{9A19103F-16F7-4668-BE54-9A1E7A4F7556}") = "Module3", "Module3\Module3.csproj", "{7DB19A5A-B8A1-400B-AAF8-F500B0FD8C2F}"
EndProject
Project("{9A19103F-16F7-4668-BE54-9A1E7A4F7556}") = "Module3.Tests", "Module3.Tests\Module3.Tests.csproj", "{5CBE4E36-19DC-4039-9085-9BDB4BD76ED4}"
EndProject
Project("{FAE04EC0-301F-11D3-BF4B-00C04F79EFBC}") = "Common", "Common\Common.csproj", "{24FDC64D-9F78-4E9C-BFDD-A9F4FD2DBD3C}"
EndProject
Global
	GlobalSection(SolutionConfigurationPlatforms) = preSolution
		Debug|Any CPU = Debug|Any CPU
		Release|Any CPU = Release|Any CPU
	EndGlobalSection
	GlobalSection(ProjectConfigurationPlatforms) = postSolution
		{78C55565-93CE-467A-AE5A-ECE77DADB5B6}.Debug|Any CPU.ActiveCfg = Debug|Any CPU
		{78C55565-93CE-467A-AE5A-ECE77DADB5B6}.Debug|Any CPU.Build.0 = Debug|Any CPU
		{78C55565-93CE-467A-AE5A-ECE77DADB5B6}.Release|Any CPU.ActiveCfg = Release|Any CPU
		{78C55565-93CE-467A-AE5A-ECE77DADB5B6}.Release|Any CPU.Build.0 = Release|Any CPU
		{117840EA-919D-418F-8543-144043ED46B9}.Debug|Any CPU.ActiveCfg = Debug|Any CPU
		{117840EA-919D-418F-8543-144043ED46B9}.Debug|Any CPU.Build.0 = Debug|Any CPU
		{117840EA-919D-418F-8543-144043ED46B9}.Release|Any CPU.ActiveCfg = Release|Any CPU
		{117840EA-919D-418F-8543-144043ED46B9}.Release|Any CPU.Build.0 = Release|Any CPU
		{A7BB6D02-0CFA-4975-B605-1C342533E838}.Debug|Any CPU.ActiveCfg = Debug|Any CPU
		{A7BB6D02-0CFA-4975-B605-1C342533E838}.Debug|Any CPU.Build.0 = Debug|Any CPU
		{A7BB6D02-0CFA-4975-B605-1C342533E838}.Release|Any CPU.ActiveCfg = Release|Any CPU
		{A7BB6D02-0CFA-4975-B605-1C342533E838}.Release|Any CPU.Build.0 = Release|Any CPU
		{071A673B-AADA-43E9-AB46-23FC4889B739}.Debug|Any CPU.ActiveCfg = Debug|Any CPU
		{071A673B-AADA-43E9-AB46-23FC4889B739}.Debug|Any CPU.Build.0 = Debug|Any CPU
		{071A673B-AADA-43E9-AB46-23FC4889B739}.Release|Any CPU.ActiveCfg = Release|Any CPU
		{071A673B-AADA-43E9-AB46-23FC4889B739}.Release|Any CPU.Build.0 = Release|Any CPU
		{7DB19A5A-B8A1-400B-AAF8-F500B0FD8C2F}.Debug|Any CPU.ActiveCfg = Debug|Any CPU
		{7DB19A5A-B8A1-400B-AAF8-F500B0FD8C2F}.Debug|Any CPU.Build.0 = Debug|Any CPU
		{7DB19A5A-B8A1-400B-AAF8-F500B0FD8C2F}.Release|Any CPU.ActiveCfg = Release|Any CPU
		{7DB19A5A-B8A1-400B-AAF8-F500B0FD8C2F}.Release|Any CPU.Build.0 = Release|Any CPU
		{5CBE4E36-19DC-4039-9085-9BDB4BD76ED4}.Debug|Any CPU.ActiveCfg = Debug|Any CPU
		{5CBE4E36-19DC-4039-9085-9BDB4BD76ED4}.Debug|Any CPU.Build.0 = Debug|Any CPU
		{5CBE4E36-19DC-4039-9085-9BDB4BD76ED4}.Release|Any CPU.ActiveCfg = Release|Any CPU
		{5CBE4E36-19DC-4039-9085-9BDB4BD76ED4}.Release|Any CPU.Build.0 = Release|Any CPU
		{24FDC64D-9F78-4E9C-BFDD-A9F4FD2DBD3C}.Debug|Any CPU.ActiveCfg = Debug|Any CPU
		{24FDC64D-9F78-4E9C-BFDD-A9F4FD2DBD3C}.Debug|Any CPU.Build.0 = Debug|Any CPU
		{24FDC64D-9F78-4E9C-BFDD-A9F4FD2DBD3C}.Release|Any CPU.ActiveCfg = Release|Any CPU
		{24FDC64D-9F78-4E9C-BFDD-A9F4FD2DBD3C}.Release|Any CPU.Build.0 = Release|Any CPU
	EndGlobalSection
	GlobalSection(SolutionProperties) = preSolution
		HideSolutionNode = FALSE
	EndGlobalSection
	GlobalSection(NestedProjects) = preSolution
		{78C55565-93CE-467A-AE5A-ECE77DADB5B6} = {2B28A14C-B11B-4742-B851-971125E03377}
		{117840EA-919D-418F-8543-144043ED46B9} = {2B28A14C-B11B-4742-B851-971125E03377}
		{A7BB6D02-0CFA-4975-B605-1C342533E838} = {2B28A14C-B11B-4742-B851-971125E03377}
		{7DB19A5A-B8A1-400B-AAF8-F500B0FD8C2F} = {7A023375-9CB1-4CB7-A73A-B26F6631B415}
		{5CBE4E36-19DC-4039-9085-9BDB4BD76ED4} = {7A023375-9CB1-4CB7-A73A-B26F6631B415}
	EndGlobalSection
	GlobalSection(ExtensibilityGlobals) = postSolution
		SolutionGuid = {8788B6CF-6860-4D87-8905-C1083009149A}
	EndGlobalSection
EndGlobal
